
Microsoft Visual Studio Solution File, Format Version 12.00
# Visual Studio Version 16
VisualStudioVersion = 16.0.32602.291
MinimumVisualStudioVersion = 10.0.40219.1
Project("{FAE04EC0-301F-11D3-BF4B-00C04F79EFBC}") = "Barcode_Application", "Barcode_Application.csproj", "{28D29D7F-5625-437C-A4A9-717EBFE47016}"
EndProject
Project("{FAE04EC0-301F-11D3-BF4B-00C04F79EFBC}") = "Demo_Library", "..\Demo_Library\Demo_Library.csproj", "{0E57CBD8-BBB6-4FDE-AB47-DBD7A01AE1C3}"
EndProject
Global
	GlobalSection(SolutionConfigurationPlatforms) = preSolution
		Debug|Any CPU = Debug|Any CPU
		Release|Any CPU = Release|Any CPU
	EndGlobalSection
	GlobalSection(ProjectConfigurationPlatforms) = postSolution
		{28D29D7F-5625-437C-A4A9-717EBFE47016}.Debug|Any CPU.ActiveCfg = Debug|Any CPU
		{28D29D7F-5625-437C-A4A9-717EBFE47016}.Debug|Any CPU.Build.0 = Debug|Any CPU
		{28D29D7F-5625-437C-A4A9-717EBFE47016}.Release|Any CPU.ActiveCfg = Release|Any CPU
		{28D29D7F-5625-437C-A4A9-717EBFE47016}.Release|Any CPU.Build.0 = Release|Any CPU
		{0E57CBD8-BBB6-4FDE-AB47-DBD7A01AE1C3}.Debug|Any CPU.ActiveCfg = Debug|Any CPU
		{0E57CBD8-BBB6-4FDE-AB47-DBD7A01AE1C3}.Debug|Any CPU.Build.0 = Debug|Any CPU
		{0E57CBD8-BBB6-4FDE-AB47-DBD7A01AE1C3}.Release|Any CPU.ActiveCfg = Release|Any CPU
		{0E57CBD8-BBB6-4FDE-AB47-DBD7A01AE1C3}.Release|Any CPU.Build.0 = Release|Any CPU
	EndGlobalSection
	GlobalSection(SolutionProperties) = preSolution
		HideSolutionNode = FALSE
	EndGlobalSection
	GlobalSection(ExtensibilityGlobals) = postSolution
		SolutionGuid = {D1FA2859-B79B-4A2D-9FFC-027DC6996236}
	EndGlobalSection
EndGlobal
